
Microsoft Visual Studio Solution File, Format Version 12.00
# Visual Studio Version 16
VisualStudioVersion = 16.0.30804.86
MinimumVisualStudioVersion = 10.0.40219.1
Project("{FAE04EC0-301F-11D3-BF4B-00C04F79EFBC}") = "Data_Tree_Depth", "Data_Tree_Depth\Data_Tree_Depth.csproj", "{7E37DEE1-F8C5-4053-95C0-0BFEF9D67D2D}"
EndProject
Global
	GlobalSection(SolutionConfigurationPlatforms) = preSolution
		Debug|Any CPU = Debug|Any CPU
		Release|Any CPU = Release|Any CPU
	EndGlobalSection
	GlobalSection(ProjectConfigurationPlatforms) = postSolution
		{7E37DEE1-F8C5-4053-95C0-0BFEF9D67D2D}.Debug|Any CPU.ActiveCfg = Debug|Any CPU
		{7E37DEE1-F8C5-4053-95C0-0BFEF9D67D2D}.Debug|Any CPU.Build.0 = Debug|Any CPU
		{7E37DEE1-F8C5-4053-95C0-0BFEF9D67D2D}.Release|Any CPU.ActiveCfg = Release|Any CPU
		{7E37DEE1-F8C5-4053-95C0-0BFEF9D67D2D}.Release|Any CPU.Build.0 = Release|Any CPU
	EndGlobalSection
	GlobalSection(SolutionProperties) = preSolution
		HideSolutionNode = FALSE
	EndGlobalSection
	GlobalSection(ExtensibilityGlobals) = postSolution
		SolutionGuid = {89949924-3695-4E64-8215-3E4B02B68F4F}
	EndGlobalSection
EndGlobal
